// !$*UTF8*$!
{
	archiveVersion = 1;
	classes = {
	};
	objectVersion = 46;
	objects = {

/* Begin PBXBuildFile section */
		FC5B924219EBBBED001B1E67 /* libtelehash-c.a in Frameworks */ = {isa = PBXBuildFile; fileRef = FC5B924119EBBBED001B1E67 /* libtelehash-c.a */; };
		FC5B930719ED03F4001B1E67 /* Telehash.h in Headers */ = {isa = PBXBuildFile; fileRef = FC5B930019ED03F4001B1E67 /* Telehash.h */; settings = {ATTRIBUTES = (Public, ); }; };
		FC5B930819ED03F4001B1E67 /* THPacket.h in Headers */ = {isa = PBXBuildFile; fileRef = FC5B930119ED03F4001B1E67 /* THPacket.h */; settings = {ATTRIBUTES = (Public, ); }; };
		FC5B930919ED03F4001B1E67 /* THPacket.m in Sources */ = {isa = PBXBuildFile; fileRef = FC5B930219ED03F4001B1E67 /* THPacket.m */; };
		FC5B930A19ED03F4001B1E67 /* THNetwork.h in Headers */ = {isa = PBXBuildFile; fileRef = FC5B930319ED03F4001B1E67 /* THNetwork.h */; settings = {ATTRIBUTES = (Public, ); }; };
		FC5B930B19ED03F4001B1E67 /* THNetwork.m in Sources */ = {isa = PBXBuildFile; fileRef = FC5B930419ED03F4001B1E67 /* THNetwork.m */; };
		FC5B931019ED0400001B1E67 /* telehash_objcTests.m in Sources */ = {isa = PBXBuildFile; fileRef = FC5B930E19ED0400001B1E67 /* telehash_objcTests.m */; };
		FC5B931319ED0418001B1E67 /* THExchange.h in Headers */ = {isa = PBXBuildFile; fileRef = FC5B931119ED0418001B1E67 /* THExchange.h */; settings = {ATTRIBUTES = (Public, ); }; };
		FC5B931419ED0418001B1E67 /* THExchange.m in Sources */ = {isa = PBXBuildFile; fileRef = FC5B931219ED0418001B1E67 /* THExchange.m */; };
		FC5FFA0E1A43008B00B2B27D /* NSData_Base32.h in Headers */ = {isa = PBXBuildFile; fileRef = FC5FFA0D1A43008B00B2B27D /* NSData_Base32.h */; settings = {ATTRIBUTES = (Public, ); }; };
		FC5FFA101A4301EF00B2B27D /* NSData_Base32.m in Sources */ = {isa = PBXBuildFile; fileRef = FC5FFA0F1A4301EF00B2B27D /* NSData_Base32.m */; };
		FC5FFA111A4301EF00B2B27D /* NSData_Base32.m in Sources */ = {isa = PBXBuildFile; fileRef = FC5FFA0F1A4301EF00B2B27D /* NSData_Base32.m */; };
		FCCF8B631A4BE163002A3D6C /* THError.h in Headers */ = {isa = PBXBuildFile; fileRef = FCFB874C1A43FEB90003E941 /* THError.h */; settings = {ATTRIBUTES = (Public, ); }; };
		FCD1110419EEEEBE00BA9C02 /* THChannel.h in Headers */ = {isa = PBXBuildFile; fileRef = FCD1110219EEEEBE00BA9C02 /* THChannel.h */; settings = {ATTRIBUTES = (Public, ); }; };
		FCD1110519EEEEBE00BA9C02 /* THChannel.m in Sources */ = {isa = PBXBuildFile; fileRef = FCD1110319EEEEBE00BA9C02 /* THChannel.m */; };
		FCD1110719EEEFDF00BA9C02 /* THEvent.m in Sources */ = {isa = PBXBuildFile; fileRef = FCD1110619EEEFDF00BA9C02 /* THEvent.m */; };
		FCD1110819EEEFF800BA9C02 /* THEvent.h in Headers */ = {isa = PBXBuildFile; fileRef = FC5B932B19ED14DF001B1E67 /* THEvent.h */; settings = {ATTRIBUTES = (Public, ); }; };
		FCF3007719EBB74600BEA4BB /* Telehash.framework in Frameworks */ = {isa = PBXBuildFile; fileRef = FCF3006B19EBB74600BEA4BB /* Telehash.framework */; };
		FCFB874F1A451C2E0003E941 /* THError.m in Sources */ = {isa = PBXBuildFile; fileRef = FCFB874E1A451C2E0003E941 /* THError.m */; };
/* End PBXBuildFile section */

/* Begin PBXContainerItemProxy section */
		FCF3007819EBB74600BEA4BB /* PBXContainerItemProxy */ = {
			isa = PBXContainerItemProxy;
			containerPortal = FCF3006219EBB74500BEA4BB /* Project object */;
			proxyType = 1;
			remoteGlobalIDString = FCF3006A19EBB74500BEA4BB;
			remoteInfo = "telehash-objc";
		};
/* End PBXContainerItemProxy section */

/* Begin PBXFileReference section */
		FC5B924119EBBBED001B1E67 /* libtelehash-c.a */ = {isa = PBXFileReference; lastKnownFileType = archive.ar; name = "libtelehash-c.a"; path = "../build/Debug/libtelehash-c.a"; sourceTree = "<group>"; };
		FC5B92FF19ED03F4001B1E67 /* Info.plist */ = {isa = PBXFileReference; fileEncoding = 4; lastKnownFileType = text.plist.xml; path = Info.plist; sourceTree = "<group>"; };
		FC5B930019ED03F4001B1E67 /* Telehash.h */ = {isa = PBXFileReference; fileEncoding = 4; lastKnownFileType = sourcecode.c.h; path = Telehash.h; sourceTree = "<group>"; };
		FC5B930119ED03F4001B1E67 /* THPacket.h */ = {isa = PBXFileReference; fileEncoding = 4; lastKnownFileType = sourcecode.c.h; path = THPacket.h; sourceTree = "<group>"; };
		FC5B930219ED03F4001B1E67 /* THPacket.m */ = {isa = PBXFileReference; fileEncoding = 4; lastKnownFileType = sourcecode.c.objc; path = THPacket.m; sourceTree = "<group>"; };
		FC5B930319ED03F4001B1E67 /* THNetwork.h */ = {isa = PBXFileReference; fileEncoding = 4; lastKnownFileType = sourcecode.c.h; path = THNetwork.h; sourceTree = "<group>"; };
		FC5B930419ED03F4001B1E67 /* THNetwork.m */ = {isa = PBXFileReference; fileEncoding = 4; lastKnownFileType = sourcecode.c.objc; path = THNetwork.m; sourceTree = "<group>"; };
		FC5B930D19ED0400001B1E67 /* Info.plist */ = {isa = PBXFileReference; fileEncoding = 4; lastKnownFileType = text.plist.xml; path = Info.plist; sourceTree = "<group>"; };
		FC5B930E19ED0400001B1E67 /* telehash_objcTests.m */ = {isa = PBXFileReference; fileEncoding = 4; lastKnownFileType = sourcecode.c.objc; path = telehash_objcTests.m; sourceTree = "<group>"; };
		FC5B931119ED0418001B1E67 /* THExchange.h */ = {isa = PBXFileReference; fileEncoding = 4; lastKnownFileType = sourcecode.c.h; path = THExchange.h; sourceTree = "<group>"; };
		FC5B931219ED0418001B1E67 /* THExchange.m */ = {isa = PBXFileReference; fileEncoding = 4; lastKnownFileType = sourcecode.c.objc; path = THExchange.m; sourceTree = "<group>"; };
		FC5B932B19ED14DF001B1E67 /* THEvent.h */ = {isa = PBXFileReference; lastKnownFileType = sourcecode.c.h; path = THEvent.h; sourceTree = "<group>"; };
		FC5FFA0D1A43008B00B2B27D /* NSData_Base32.h */ = {isa = PBXFileReference; fileEncoding = 4; lastKnownFileType = sourcecode.c.h; path = NSData_Base32.h; sourceTree = "<group>"; };
		FC5FFA0F1A4301EF00B2B27D /* NSData_Base32.m */ = {isa = PBXFileReference; fileEncoding = 4; lastKnownFileType = sourcecode.c.objc; path = NSData_Base32.m; sourceTree = "<group>"; };
		FCD1110219EEEEBE00BA9C02 /* THChannel.h */ = {isa = PBXFileReference; fileEncoding = 4; lastKnownFileType = sourcecode.c.h; path = THChannel.h; sourceTree = "<group>"; };
		FCD1110319EEEEBE00BA9C02 /* THChannel.m */ = {isa = PBXFileReference; fileEncoding = 4; lastKnownFileType = sourcecode.c.objc; path = THChannel.m; sourceTree = "<group>"; };
		FCD1110619EEEFDF00BA9C02 /* THEvent.m */ = {isa = PBXFileReference; fileEncoding = 4; lastKnownFileType = sourcecode.c.objc; path = THEvent.m; sourceTree = "<group>"; };
		FCF3006B19EBB74600BEA4BB /* Telehash.framework */ = {isa = PBXFileReference; explicitFileType = wrapper.framework; includeInIndex = 0; path = Telehash.framework; sourceTree = BUILT_PRODUCTS_DIR; };
		FCF3007619EBB74600BEA4BB /* Telehash-tests.xctest */ = {isa = PBXFileReference; explicitFileType = wrapper.cfbundle; includeInIndex = 0; path = "Telehash-tests.xctest"; sourceTree = BUILT_PRODUCTS_DIR; };
		FCFB874B1A43F2230003E941 /* THInternal.inc */ = {isa = PBXFileReference; lastKnownFileType = sourcecode.pascal; path = THInternal.inc; sourceTree = "<group>"; };
		FCFB874C1A43FEB90003E941 /* THError.h */ = {isa = PBXFileReference; lastKnownFileType = sourcecode.c.h; path = THError.h; sourceTree = "<group>"; };
		FCFB874E1A451C2E0003E941 /* THError.m */ = {isa = PBXFileReference; fileEncoding = 4; lastKnownFileType = sourcecode.c.objc; path = THError.m; sourceTree = "<group>"; };
/* End PBXFileReference section */

/* Begin PBXFrameworksBuildPhase section */
		FCF3006719EBB74500BEA4BB /* Frameworks */ = {
			isa = PBXFrameworksBuildPhase;
			buildActionMask = 2147483647;
			files = (
				FC5B924219EBBBED001B1E67 /* libtelehash-c.a in Frameworks */,
			);
			runOnlyForDeploymentPostprocessing = 0;
		};
		FCF3007319EBB74600BEA4BB /* Frameworks */ = {
			isa = PBXFrameworksBuildPhase;
			buildActionMask = 2147483647;
			files = (
				FCF3007719EBB74600BEA4BB /* Telehash.framework in Frameworks */,
			);
			runOnlyForDeploymentPostprocessing = 0;
		};
/* End PBXFrameworksBuildPhase section */

/* Begin PBXGroup section */
		FC420C291A4533B300F95ACB /* res */ = {
			isa = PBXGroup;
			children = (
			);
			path = res;
			sourceTree = "<group>";
		};
		FC5B92FD19ED03F4001B1E67 /* src */ = {
			isa = PBXGroup;
			children = (
				FC5FFA0F1A4301EF00B2B27D /* NSData_Base32.m */,
				FC5FFA0D1A43008B00B2B27D /* NSData_Base32.h */,
				FCD1110219EEEEBE00BA9C02 /* THChannel.h */,
				FCD1110319EEEEBE00BA9C02 /* THChannel.m */,
				FC5B92FF19ED03F4001B1E67 /* Info.plist */,
				FC5B930019ED03F4001B1E67 /* Telehash.h */,
				FC5B930119ED03F4001B1E67 /* THPacket.h */,
				FC5B930219ED03F4001B1E67 /* THPacket.m */,
				FC5B930319ED03F4001B1E67 /* THNetwork.h */,
				FC5B930419ED03F4001B1E67 /* THNetwork.m */,
				FC5B931119ED0418001B1E67 /* THExchange.h */,
				FC5B931219ED0418001B1E67 /* THExchange.m */,
				FC5B932B19ED14DF001B1E67 /* THEvent.h */,
				FCD1110619EEEFDF00BA9C02 /* THEvent.m */,
				FCFB874B1A43F2230003E941 /* THInternal.inc */,
				FCFB874C1A43FEB90003E941 /* THError.h */,
				FCFB874E1A451C2E0003E941 /* THError.m */,
			);
			path = src;
			sourceTree = "<group>";
		};
		FC5B930C19ED0400001B1E67 /* tests */ = {
			isa = PBXGroup;
			children = (
				FC5B930D19ED0400001B1E67 /* Info.plist */,
				FC5B930E19ED0400001B1E67 /* telehash_objcTests.m */,
			);
			path = tests;
			sourceTree = "<group>";
		};
		FCF3006119EBB74500BEA4BB = {
			isa = PBXGroup;
			children = (
				FC420C291A4533B300F95ACB /* res */,
				FC5B930C19ED0400001B1E67 /* tests */,
				FC5B92FD19ED03F4001B1E67 /* src */,
				FC5B924119EBBBED001B1E67 /* libtelehash-c.a */,
				FCF3006C19EBB74600BEA4BB /* Products */,
			);
			sourceTree = "<group>";
		};
		FCF3006C19EBB74600BEA4BB /* Products */ = {
			isa = PBXGroup;
			children = (
				FCF3006B19EBB74600BEA4BB /* Telehash.framework */,
				FCF3007619EBB74600BEA4BB /* Telehash-tests.xctest */,
			);
			name = Products;
			sourceTree = "<group>";
		};
/* End PBXGroup section */

/* Begin PBXHeadersBuildPhase section */
		FCF3006819EBB74500BEA4BB /* Headers */ = {
			isa = PBXHeadersBuildPhase;
			buildActionMask = 2147483647;
			files = (
				FCD1110419EEEEBE00BA9C02 /* THChannel.h in Headers */,
				FCD1110819EEEFF800BA9C02 /* THEvent.h in Headers */,
				FC5B930819ED03F4001B1E67 /* THPacket.h in Headers */,
				FC5B931319ED0418001B1E67 /* THExchange.h in Headers */,
				FC5FFA0E1A43008B00B2B27D /* NSData_Base32.h in Headers */,
				FC5B930A19ED03F4001B1E67 /* THNetwork.h in Headers */,
				FCCF8B631A4BE163002A3D6C /* THError.h in Headers */,
				FC5B930719ED03F4001B1E67 /* Telehash.h in Headers */,
			);
			runOnlyForDeploymentPostprocessing = 0;
		};
/* End PBXHeadersBuildPhase section */

/* Begin PBXNativeTarget section */
		FCF3006A19EBB74500BEA4BB /* Telehash */ = {
			isa = PBXNativeTarget;
			buildConfigurationList = FCF3008119EBB74600BEA4BB /* Build configuration list for PBXNativeTarget "Telehash" */;
			buildPhases = (
				FCF3006619EBB74500BEA4BB /* Sources */,
				FCF3006719EBB74500BEA4BB /* Frameworks */,
				FCF3006819EBB74500BEA4BB /* Headers */,
				FCF3006919EBB74500BEA4BB /* Resources */,
			);
			buildRules = (
			);
			dependencies = (
			);
			name = Telehash;
			productName = "telehash-objc";
			productReference = FCF3006B19EBB74600BEA4BB /* Telehash.framework */;
			productType = "com.apple.product-type.framework";
		};
		FCF3007519EBB74600BEA4BB /* Telehash-tests */ = {
			isa = PBXNativeTarget;
			buildConfigurationList = FCF3008419EBB74600BEA4BB /* Build configuration list for PBXNativeTarget "Telehash-tests" */;
			buildPhases = (
				FCF3007219EBB74600BEA4BB /* Sources */,
				FCF3007319EBB74600BEA4BB /* Frameworks */,
				FCF3007419EBB74600BEA4BB /* Resources */,
			);
			buildRules = (
			);
			dependencies = (
				FCF3007919EBB74600BEA4BB /* PBXTargetDependency */,
			);
			name = "Telehash-tests";
			productName = "telehash-objcTests";
			productReference = FCF3007619EBB74600BEA4BB /* Telehash-tests.xctest */;
			productType = "com.apple.product-type.bundle.unit-test";
		};
/* End PBXNativeTarget section */

/* Begin PBXProject section */
		FCF3006219EBB74500BEA4BB /* Project object */ = {
			isa = PBXProject;
			attributes = {
				LastUpgradeCheck = 0620;
				ORGANIZATIONNAME = "Alkaline Solutions";
				TargetAttributes = {
					FCF3006A19EBB74500BEA4BB = {
						CreatedOnToolsVersion = 6.1;
					};
					FCF3007519EBB74600BEA4BB = {
						CreatedOnToolsVersion = 6.1;
					};
				};
			};
			buildConfigurationList = FCF3006519EBB74500BEA4BB /* Build configuration list for PBXProject "Telehash" */;
			compatibilityVersion = "Xcode 3.2";
			developmentRegion = English;
			hasScannedForEncodings = 0;
			knownRegions = (
				en,
			);
			mainGroup = FCF3006119EBB74500BEA4BB;
			productRefGroup = FCF3006C19EBB74600BEA4BB /* Products */;
			projectDirPath = "";
			projectRoot = "";
			targets = (
				FCF3006A19EBB74500BEA4BB /* Telehash */,
				FCF3007519EBB74600BEA4BB /* Telehash-tests */,
			);
		};
/* End PBXProject section */

/* Begin PBXResourcesBuildPhase section */
		FCF3006919EBB74500BEA4BB /* Resources */ = {
			isa = PBXResourcesBuildPhase;
			buildActionMask = 2147483647;
			files = (
			);
			runOnlyForDeploymentPostprocessing = 0;
		};
		FCF3007419EBB74600BEA4BB /* Resources */ = {
			isa = PBXResourcesBuildPhase;
			buildActionMask = 2147483647;
			files = (
			);
			runOnlyForDeploymentPostprocessing = 0;
		};
/* End PBXResourcesBuildPhase section */

/* Begin PBXSourcesBuildPhase section */
		FCF3006619EBB74500BEA4BB /* Sources */ = {
			isa = PBXSourcesBuildPhase;
			buildActionMask = 2147483647;
			files = (
				FCD1110719EEEFDF00BA9C02 /* THEvent.m in Sources */,
				FCFB874F1A451C2E0003E941 /* THError.m in Sources */,
				FC5B930B19ED03F4001B1E67 /* THNetwork.m in Sources */,
				FC5B930919ED03F4001B1E67 /* THPacket.m in Sources */,
				FC5B931419ED0418001B1E67 /* THExchange.m in Sources */,
				FC5FFA101A4301EF00B2B27D /* NSData_Base32.m in Sources */,
				FCD1110519EEEEBE00BA9C02 /* THChannel.m in Sources */,
			);
			runOnlyForDeploymentPostprocessing = 0;
		};
		FCF3007219EBB74600BEA4BB /* Sources */ = {
			isa = PBXSourcesBuildPhase;
			buildActionMask = 2147483647;
			files = (
				FC5FFA111A4301EF00B2B27D /* NSData_Base32.m in Sources */,
				FC5B931019ED0400001B1E67 /* telehash_objcTests.m in Sources */,
			);
			runOnlyForDeploymentPostprocessing = 0;
		};
/* End PBXSourcesBuildPhase section */

/* Begin PBXTargetDependency section */
		FCF3007919EBB74600BEA4BB /* PBXTargetDependency */ = {
			isa = PBXTargetDependency;
			target = FCF3006A19EBB74500BEA4BB /* Telehash */;
			targetProxy = FCF3007819EBB74600BEA4BB /* PBXContainerItemProxy */;
		};
/* End PBXTargetDependency section */

/* Begin XCBuildConfiguration section */
		FCF3007F19EBB74600BEA4BB /* Debug */ = {
			isa = XCBuildConfiguration;
			buildSettings = {
				ALWAYS_SEARCH_USER_PATHS = NO;
				CLANG_CXX_LANGUAGE_STANDARD = "gnu++0x";
				CLANG_CXX_LIBRARY = "libc++";
				CLANG_ENABLE_MODULES = YES;
				CLANG_ENABLE_OBJC_ARC = YES;
				CLANG_WARN_BOOL_CONVERSION = YES;
				CLANG_WARN_CONSTANT_CONVERSION = YES;
				CLANG_WARN_DIRECT_OBJC_ISA_USAGE = YES_ERROR;
				CLANG_WARN_EMPTY_BODY = YES;
				CLANG_WARN_ENUM_CONVERSION = YES;
				CLANG_WARN_INT_CONVERSION = YES;
				CLANG_WARN_OBJC_ROOT_CLASS = YES_ERROR;
				CLANG_WARN_UNREACHABLE_CODE = YES;
				CLANG_WARN__DUPLICATE_METHOD_MATCH = YES;
				COPY_PHASE_STRIP = NO;
				CURRENT_PROJECT_VERSION = 1;
				ENABLE_STRICT_OBJC_MSGSEND = YES;
				GCC_C_LANGUAGE_STANDARD = c11;
				GCC_DYNAMIC_NO_PIC = NO;
				GCC_OPTIMIZATION_LEVEL = 0;
				GCC_PREPROCESSOR_DEFINITIONS = (
					"DEBUG=1",
					"$(inherited)",
				);
				GCC_SYMBOLS_PRIVATE_EXTERN = NO;
				GCC_WARN_64_TO_32_BIT_CONVERSION = YES;
				GCC_WARN_ABOUT_RETURN_TYPE = YES_ERROR;
				GCC_WARN_UNDECLARED_SELECTOR = YES;
				GCC_WARN_UNINITIALIZED_AUTOS = YES_AGGRESSIVE;
				GCC_WARN_UNUSED_FUNCTION = YES;
				GCC_WARN_UNUSED_VARIABLE = YES;
				MACOSX_DEPLOYMENT_TARGET = 10.10;
				MTL_ENABLE_DEBUG_INFO = YES;
				ONLY_ACTIVE_ARCH = YES;
				SDKROOT = macosx;
				USER_HEADER_SEARCH_PATHS = "$(PROJECT_ROOT)/telehash-c/src";
				VERSIONING_SYSTEM = "apple-generic";
				VERSION_INFO_PREFIX = "";
			};
			name = Debug;
		};
		FCF3008019EBB74600BEA4BB /* Release */ = {
			isa = XCBuildConfiguration;
			buildSettings = {
				ALWAYS_SEARCH_USER_PATHS = NO;
				CLANG_CXX_LANGUAGE_STANDARD = "gnu++0x";
				CLANG_CXX_LIBRARY = "libc++";
				CLANG_ENABLE_MODULES = YES;
				CLANG_ENABLE_OBJC_ARC = YES;
				CLANG_WARN_BOOL_CONVERSION = YES;
				CLANG_WARN_CONSTANT_CONVERSION = YES;
				CLANG_WARN_DIRECT_OBJC_ISA_USAGE = YES_ERROR;
				CLANG_WARN_EMPTY_BODY = YES;
				CLANG_WARN_ENUM_CONVERSION = YES;
				CLANG_WARN_INT_CONVERSION = YES;
				CLANG_WARN_OBJC_ROOT_CLASS = YES_ERROR;
				CLANG_WARN_UNREACHABLE_CODE = YES;
				CLANG_WARN__DUPLICATE_METHOD_MATCH = YES;
				COPY_PHASE_STRIP = YES;
				CURRENT_PROJECT_VERSION = 1;
				DEBUG_INFORMATION_FORMAT = "dwarf-with-dsym";
				ENABLE_NS_ASSERTIONS = NO;
				ENABLE_STRICT_OBJC_MSGSEND = YES;
				GCC_C_LANGUAGE_STANDARD = c11;
				GCC_WARN_64_TO_32_BIT_CONVERSION = YES;
				GCC_WARN_ABOUT_RETURN_TYPE = YES_ERROR;
				GCC_WARN_UNDECLARED_SELECTOR = YES;
				GCC_WARN_UNINITIALIZED_AUTOS = YES_AGGRESSIVE;
				GCC_WARN_UNUSED_FUNCTION = YES;
				GCC_WARN_UNUSED_VARIABLE = YES;
				MACOSX_DEPLOYMENT_TARGET = 10.10;
				MTL_ENABLE_DEBUG_INFO = NO;
				SDKROOT = macosx;
				USER_HEADER_SEARCH_PATHS = "$(PROJECT_ROOT)/telehash-c/src";
				VERSIONING_SYSTEM = "apple-generic";
				VERSION_INFO_PREFIX = "";
			};
			name = Release;
		};
		FCF3008219EBB74600BEA4BB /* Debug */ = {
			isa = XCBuildConfiguration;
			buildSettings = {
				APPLICATION_EXTENSION_API_ONLY = NO;
				COMBINE_HIDPI_IMAGES = YES;
				DEFINES_MODULE = YES;
				DYLIB_COMPATIBILITY_VERSION = 1;
				DYLIB_CURRENT_VERSION = 1;
				DYLIB_INSTALL_NAME_BASE = "@rpath";
				FRAMEWORK_VERSION = A;
				INFOPLIST_FILE = "$(SRCROOT)/src/Info.plist";
				INSTALL_PATH = "$(LOCAL_LIBRARY_DIR)/Frameworks";
				LD_RUNPATH_SEARCH_PATHS = "$(inherited) @executable_path/../Frameworks @loader_path/Frameworks";
				LIBRARY_SEARCH_PATHS = (
					"$(inherited)",
					"/Users/dwaite/telehash/telehash-objc/build/Debug",
				);
				PRODUCT_NAME = Telehash;
				SKIP_INSTALL = YES;
				USER_HEADER_SEARCH_PATHS = "../telehash-c/src/lib ../telehash-c/src/e3x ../telehash-c/src";
			};
			name = Debug;
		};
		FCF3008319EBB74600BEA4BB /* Release */ = {
			isa = XCBuildConfiguration;
			buildSettings = {
				APPLICATION_EXTENSION_API_ONLY = NO;
				COMBINE_HIDPI_IMAGES = YES;
				DEFINES_MODULE = YES;
				DYLIB_COMPATIBILITY_VERSION = 1;
				DYLIB_CURRENT_VERSION = 1;
				DYLIB_INSTALL_NAME_BASE = "@rpath";
				FRAMEWORK_VERSION = A;
				INFOPLIST_FILE = "$(SRCROOT)/src/Info.plist";
				INSTALL_PATH = "$(LOCAL_LIBRARY_DIR)/Frameworks";
				LD_RUNPATH_SEARCH_PATHS = "$(inherited) @executable_path/../Frameworks @loader_path/Frameworks";
				LIBRARY_SEARCH_PATHS = (
					"$(inherited)",
					"/Users/dwaite/telehash/telehash-objc/build/Debug",
				);
				PRODUCT_NAME = Telehash;
				SKIP_INSTALL = YES;
				USER_HEADER_SEARCH_PATHS = "../telehash-c/src/lib ../telehash-c/src/e3x ../telehash-c/src";
			};
			name = Release;
		};
		FCF3008519EBB74600BEA4BB /* Debug */ = {
			isa = XCBuildConfiguration;
			buildSettings = {
				COMBINE_HIDPI_IMAGES = YES;
				FRAMEWORK_SEARCH_PATHS = (
					"$(DEVELOPER_FRAMEWORKS_DIR)",
					"$(inherited)",
				);
				GCC_PREPROCESSOR_DEFINITIONS = (
					"DEBUG=1",
					"$(inherited)",
				);
				INFOPLIST_FILE = tests/Info.plist;
				LD_RUNPATH_SEARCH_PATHS = "$(inherited) @executable_path/../Frameworks @loader_path/../Frameworks";
				PRODUCT_NAME = "Telehash-tests";
			};
			name = Debug;
		};
		FCF3008619EBB74600BEA4BB /* Release */ = {
			isa = XCBuildConfiguration;
			buildSettings = {
				COMBINE_HIDPI_IMAGES = YES;
				FRAMEWORK_SEARCH_PATHS = (
					"$(DEVELOPER_FRAMEWORKS_DIR)",
					"$(inherited)",
				);
				INFOPLIST_FILE = tests/Info.plist;
				LD_RUNPATH_SEARCH_PATHS = "$(inherited) @executable_path/../Frameworks @loader_path/../Frameworks";
				PRODUCT_NAME = "Telehash-tests";
			};
			name = Release;
		};
/* End XCBuildConfiguration section */

/* Begin XCConfigurationList section */
		FCF3006519EBB74500BEA4BB /* Build configuration list for PBXProject "Telehash" */ = {
			isa = XCConfigurationList;
			buildConfigurations = (
				FCF3007F19EBB74600BEA4BB /* Debug */,
				FCF3008019EBB74600BEA4BB /* Release */,
			);
			defaultConfigurationIsVisible = 0;
			defaultConfigurationName = Release;
		};
		FCF3008119EBB74600BEA4BB /* Build configuration list for PBXNativeTarget "Telehash" */ = {
			isa = XCConfigurationList;
			buildConfigurations = (
				FCF3008219EBB74600BEA4BB /* Debug */,
				FCF3008319EBB74600BEA4BB /* Release */,
			);
			defaultConfigurationIsVisible = 0;
			defaultConfigurationName = Release;
		};
		FCF3008419EBB74600BEA4BB /* Build configuration list for PBXNativeTarget "Telehash-tests" */ = {
			isa = XCConfigurationList;
			buildConfigurations = (
				FCF3008519EBB74600BEA4BB /* Debug */,
				FCF3008619EBB74600BEA4BB /* Release */,
			);
			defaultConfigurationIsVisible = 0;
			defaultConfigurationName = Release;
		};
/* End XCConfigurationList section */
	};
	rootObject = FCF3006219EBB74500BEA4BB /* Project object */;
}
